
Microsoft Visual Studio Solution File, Format Version 12.00
# Visual Studio Version 17
VisualStudioVersion = 17.0.31903.59
MinimumVisualStudioVersion = 10.0.40219.1
Project("{2150E333-8FDC-42A3-9474-1A3956D46DE8}") = "src", "src", "{36829B4A-3238-4E53-8553-C05497E9BE3A}"
EndProject
Project("{FAE04EC0-301F-11D3-BF4B-00C04F79EFBC}") = "GameService", "src\GameService\GameService.csproj", "{C00D6192-5E8A-467A-827C-347D5DB5E025}"
EndProject
Project("{FAE04EC0-301F-11D3-BF4B-00C04F79EFBC}") = "Contracts", "src\Contracts\Contracts.csproj", "{9E241137-326A-4DA6-89A7-75DABEAD8721}"
EndProject
Project("{FAE04EC0-301F-11D3-BF4B-00C04F79EFBC}") = "SearchService", "src\SearchService\SearchService.csproj", "{512F9A30-915D-453E-934F-2374DE045555}"
EndProject
Project("{FAE04EC0-301F-11D3-BF4B-00C04F79EFBC}") = "FilterService", "src\FilterService\FilterService.csproj", "{EED2BE71-B0E5-46D2-A00A-B021B1186943}"
EndProject
Project("{FAE04EC0-301F-11D3-BF4B-00C04F79EFBC}") = "IdentityService", "src\IdentityService\IdentityService.csproj", "{BEC9D846-D23A-472A-89EE-2F0D3E89C444}"
EndProject
Project("{FAE04EC0-301F-11D3-BF4B-00C04F79EFBC}") = "BasketService", "src\BasketService\BasketService.csproj", "{D4054969-5983-4433-9B92-34BA21FAC76C}"
EndProject
Project("{FAE04EC0-301F-11D3-BF4B-00C04F79EFBC}") = "OrderService", "src\OrderService\OrderService.csproj", "{807A94DE-96BD-4C96-8BC9-CE7BE9D5D3BB}"
EndProject
Project("{FAE04EC0-301F-11D3-BF4B-00C04F79EFBC}") = "DiscountService", "src\DiscountService\DiscountService.csproj", "{95BB2907-047A-42AB-A14E-4574DFB56C18}"
EndProject
Project("{FAE04EC0-301F-11D3-BF4B-00C04F79EFBC}") = "GatewayService", "src\GatewayService\GatewayService.csproj", "{E5E57070-F8F9-4A2E-84EB-AFBEE030B53B}"
EndProject
Global
	GlobalSection(SolutionConfigurationPlatforms) = preSolution
		Debug|Any CPU = Debug|Any CPU
		Release|Any CPU = Release|Any CPU
	EndGlobalSection
	GlobalSection(SolutionProperties) = preSolution
		HideSolutionNode = FALSE
	EndGlobalSection
	GlobalSection(ProjectConfigurationPlatforms) = postSolution
		{C00D6192-5E8A-467A-827C-347D5DB5E025}.Debug|Any CPU.ActiveCfg = Debug|Any CPU
		{C00D6192-5E8A-467A-827C-347D5DB5E025}.Debug|Any CPU.Build.0 = Debug|Any CPU
		{C00D6192-5E8A-467A-827C-347D5DB5E025}.Release|Any CPU.ActiveCfg = Release|Any CPU
		{C00D6192-5E8A-467A-827C-347D5DB5E025}.Release|Any CPU.Build.0 = Release|Any CPU
		{9E241137-326A-4DA6-89A7-75DABEAD8721}.Debug|Any CPU.ActiveCfg = Debug|Any CPU
		{9E241137-326A-4DA6-89A7-75DABEAD8721}.Debug|Any CPU.Build.0 = Debug|Any CPU
		{9E241137-326A-4DA6-89A7-75DABEAD8721}.Release|Any CPU.ActiveCfg = Release|Any CPU
		{9E241137-326A-4DA6-89A7-75DABEAD8721}.Release|Any CPU.Build.0 = Release|Any CPU
		{512F9A30-915D-453E-934F-2374DE045555}.Debug|Any CPU.ActiveCfg = Debug|Any CPU
		{512F9A30-915D-453E-934F-2374DE045555}.Debug|Any CPU.Build.0 = Debug|Any CPU
		{512F9A30-915D-453E-934F-2374DE045555}.Release|Any CPU.ActiveCfg = Release|Any CPU
		{512F9A30-915D-453E-934F-2374DE045555}.Release|Any CPU.Build.0 = Release|Any CPU
		{EED2BE71-B0E5-46D2-A00A-B021B1186943}.Debug|Any CPU.ActiveCfg = Debug|Any CPU
		{EED2BE71-B0E5-46D2-A00A-B021B1186943}.Debug|Any CPU.Build.0 = Debug|Any CPU
		{EED2BE71-B0E5-46D2-A00A-B021B1186943}.Release|Any CPU.ActiveCfg = Release|Any CPU
		{EED2BE71-B0E5-46D2-A00A-B021B1186943}.Release|Any CPU.Build.0 = Release|Any CPU
		{BEC9D846-D23A-472A-89EE-2F0D3E89C444}.Debug|Any CPU.ActiveCfg = Debug|Any CPU
		{BEC9D846-D23A-472A-89EE-2F0D3E89C444}.Debug|Any CPU.Build.0 = Debug|Any CPU
		{BEC9D846-D23A-472A-89EE-2F0D3E89C444}.Release|Any CPU.ActiveCfg = Release|Any CPU
		{BEC9D846-D23A-472A-89EE-2F0D3E89C444}.Release|Any CPU.Build.0 = Release|Any CPU
		{D4054969-5983-4433-9B92-34BA21FAC76C}.Debug|Any CPU.ActiveCfg = Debug|Any CPU
		{D4054969-5983-4433-9B92-34BA21FAC76C}.Debug|Any CPU.Build.0 = Debug|Any CPU
		{D4054969-5983-4433-9B92-34BA21FAC76C}.Release|Any CPU.ActiveCfg = Release|Any CPU
		{D4054969-5983-4433-9B92-34BA21FAC76C}.Release|Any CPU.Build.0 = Release|Any CPU
		{807A94DE-96BD-4C96-8BC9-CE7BE9D5D3BB}.Debug|Any CPU.ActiveCfg = Debug|Any CPU
		{807A94DE-96BD-4C96-8BC9-CE7BE9D5D3BB}.Debug|Any CPU.Build.0 = Debug|Any CPU
		{807A94DE-96BD-4C96-8BC9-CE7BE9D5D3BB}.Release|Any CPU.ActiveCfg = Release|Any CPU
		{807A94DE-96BD-4C96-8BC9-CE7BE9D5D3BB}.Release|Any CPU.Build.0 = Release|Any CPU
		{95BB2907-047A-42AB-A14E-4574DFB56C18}.Debug|Any CPU.ActiveCfg = Debug|Any CPU
		{95BB2907-047A-42AB-A14E-4574DFB56C18}.Debug|Any CPU.Build.0 = Debug|Any CPU
		{95BB2907-047A-42AB-A14E-4574DFB56C18}.Release|Any CPU.ActiveCfg = Release|Any CPU
		{95BB2907-047A-42AB-A14E-4574DFB56C18}.Release|Any CPU.Build.0 = Release|Any CPU
		{E5E57070-F8F9-4A2E-84EB-AFBEE030B53B}.Debug|Any CPU.ActiveCfg = Debug|Any CPU
		{E5E57070-F8F9-4A2E-84EB-AFBEE030B53B}.Debug|Any CPU.Build.0 = Debug|Any CPU
		{E5E57070-F8F9-4A2E-84EB-AFBEE030B53B}.Release|Any CPU.ActiveCfg = Release|Any CPU
		{E5E57070-F8F9-4A2E-84EB-AFBEE030B53B}.Release|Any CPU.Build.0 = Release|Any CPU
	EndGlobalSection
	GlobalSection(NestedProjects) = preSolution
		{C00D6192-5E8A-467A-827C-347D5DB5E025} = {36829B4A-3238-4E53-8553-C05497E9BE3A}
		{9E241137-326A-4DA6-89A7-75DABEAD8721} = {36829B4A-3238-4E53-8553-C05497E9BE3A}
		{512F9A30-915D-453E-934F-2374DE045555} = {36829B4A-3238-4E53-8553-C05497E9BE3A}
		{EED2BE71-B0E5-46D2-A00A-B021B1186943} = {36829B4A-3238-4E53-8553-C05497E9BE3A}
		{BEC9D846-D23A-472A-89EE-2F0D3E89C444} = {36829B4A-3238-4E53-8553-C05497E9BE3A}
		{D4054969-5983-4433-9B92-34BA21FAC76C} = {36829B4A-3238-4E53-8553-C05497E9BE3A}
		{807A94DE-96BD-4C96-8BC9-CE7BE9D5D3BB} = {36829B4A-3238-4E53-8553-C05497E9BE3A}
		{95BB2907-047A-42AB-A14E-4574DFB56C18} = {36829B4A-3238-4E53-8553-C05497E9BE3A}
		{E5E57070-F8F9-4A2E-84EB-AFBEE030B53B} = {36829B4A-3238-4E53-8553-C05497E9BE3A}
	EndGlobalSection
EndGlobal
